
Microsoft Visual Studio Solution File, Format Version 12.00
# Visual Studio Version 16
VisualStudioVersion = 16.0.29519.87
MinimumVisualStudioVersion = 10.0.40219.1
Project("{FAE04EC0-301F-11D3-BF4B-00C04F79EFBC}") = "StudentEducationSystem", "StudentEducationSystem\StudentEducationSystem.csproj", "{5324E10B-8121-430B-86A7-6E02C5E03E4D}"
EndProject
Global
	GlobalSection(SolutionConfigurationPlatforms) = preSolution
		Debug|Any CPU = Debug|Any CPU
		Release|Any CPU = Release|Any CPU
	EndGlobalSection
	GlobalSection(ProjectConfigurationPlatforms) = postSolution
		{5324E10B-8121-430B-86A7-6E02C5E03E4D}.Debug|Any CPU.ActiveCfg = Debug|Any CPU
		{5324E10B-8121-430B-86A7-6E02C5E03E4D}.Debug|Any CPU.Build.0 = Debug|Any CPU
		{5324E10B-8121-430B-86A7-6E02C5E03E4D}.Release|Any CPU.ActiveCfg = Release|Any CPU
		{5324E10B-8121-430B-86A7-6E02C5E03E4D}.Release|Any CPU.Build.0 = Release|Any CPU
	EndGlobalSection
	GlobalSection(SolutionProperties) = preSolution
		HideSolutionNode = FALSE
	EndGlobalSection
	GlobalSection(ExtensibilityGlobals) = postSolution
		SolutionGuid = {6C6B50DE-ECA1-40D4-BCC7-9A97782FAD4C}
	EndGlobalSection
EndGlobal
